
Microsoft Visual Studio Solution File, Format Version 12.00
# Visual Studio Version 17
VisualStudioVersion = 17.0.31903.59
MinimumVisualStudioVersion = 10.0.40219.1
Project("{2150E333-8FDC-42A3-9474-1A3956D46DE8}") = "src", "src", "{827E0CD3-B72D-47B6-A68D-7590B98EB39B}"
EndProject
Project("{FAE04EC0-301F-11D3-BF4B-00C04F79EFBC}") = "VeganHelper.API", "src\VeganHelper.API\VeganHelper.API.csproj", "{9C1FC073-A5F7-422E-8C07-81BB5ADB2354}"
EndProject
Project("{FAE04EC0-301F-11D3-BF4B-00C04F79EFBC}") = "VeganHelper.BLL", "src\VeganHelper.BLL\VeganHelper.BLL.csproj", "{4234DD46-BA68-4E41-A162-483C8FC50386}"
EndProject
Project("{FAE04EC0-301F-11D3-BF4B-00C04F79EFBC}") = "VeganHelper.DAL", "src\VeganHelper.DAL\VeganHelper.DAL.csproj", "{B8D8A025-2478-4DEB-BCF2-C59816C4D052}"
EndProject
Global
	GlobalSection(SolutionConfigurationPlatforms) = preSolution
		Debug|Any CPU = Debug|Any CPU
		Debug|x64 = Debug|x64
		Debug|x86 = Debug|x86
		Release|Any CPU = Release|Any CPU
		Release|x64 = Release|x64
		Release|x86 = Release|x86
	EndGlobalSection
	GlobalSection(ProjectConfigurationPlatforms) = postSolution
		{9C1FC073-A5F7-422E-8C07-81BB5ADB2354}.Debug|Any CPU.ActiveCfg = Debug|Any CPU
		{9C1FC073-A5F7-422E-8C07-81BB5ADB2354}.Debug|Any CPU.Build.0 = Debug|Any CPU
		{9C1FC073-A5F7-422E-8C07-81BB5ADB2354}.Debug|x64.ActiveCfg = Debug|Any CPU
		{9C1FC073-A5F7-422E-8C07-81BB5ADB2354}.Debug|x64.Build.0 = Debug|Any CPU
		{9C1FC073-A5F7-422E-8C07-81BB5ADB2354}.Debug|x86.ActiveCfg = Debug|Any CPU
		{9C1FC073-A5F7-422E-8C07-81BB5ADB2354}.Debug|x86.Build.0 = Debug|Any CPU
		{9C1FC073-A5F7-422E-8C07-81BB5ADB2354}.Release|Any CPU.ActiveCfg = Release|Any CPU
		{9C1FC073-A5F7-422E-8C07-81BB5ADB2354}.Release|Any CPU.Build.0 = Release|Any CPU
		{9C1FC073-A5F7-422E-8C07-81BB5ADB2354}.Release|x64.ActiveCfg = Release|Any CPU
		{9C1FC073-A5F7-422E-8C07-81BB5ADB2354}.Release|x64.Build.0 = Release|Any CPU
		{9C1FC073-A5F7-422E-8C07-81BB5ADB2354}.Release|x86.ActiveCfg = Release|Any CPU
		{9C1FC073-A5F7-422E-8C07-81BB5ADB2354}.Release|x86.Build.0 = Release|Any CPU
		{4234DD46-BA68-4E41-A162-483C8FC50386}.Debug|Any CPU.ActiveCfg = Debug|Any CPU
		{4234DD46-BA68-4E41-A162-483C8FC50386}.Debug|Any CPU.Build.0 = Debug|Any CPU
		{4234DD46-BA68-4E41-A162-483C8FC50386}.Debug|x64.ActiveCfg = Debug|Any CPU
		{4234DD46-BA68-4E41-A162-483C8FC50386}.Debug|x64.Build.0 = Debug|Any CPU
		{4234DD46-BA68-4E41-A162-483C8FC50386}.Debug|x86.ActiveCfg = Debug|Any CPU
		{4234DD46-BA68-4E41-A162-483C8FC50386}.Debug|x86.Build.0 = Debug|Any CPU
		{4234DD46-BA68-4E41-A162-483C8FC50386}.Release|Any CPU.ActiveCfg = Release|Any CPU
		{4234DD46-BA68-4E41-A162-483C8FC50386}.Release|Any CPU.Build.0 = Release|Any CPU
		{4234DD46-BA68-4E41-A162-483C8FC50386}.Release|x64.ActiveCfg = Release|Any CPU
		{4234DD46-BA68-4E41-A162-483C8FC50386}.Release|x64.Build.0 = Release|Any CPU
		{4234DD46-BA68-4E41-A162-483C8FC50386}.Release|x86.ActiveCfg = Release|Any CPU
		{4234DD46-BA68-4E41-A162-483C8FC50386}.Release|x86.Build.0 = Release|Any CPU
		{B8D8A025-2478-4DEB-BCF2-C59816C4D052}.Debug|Any CPU.ActiveCfg = Debug|Any CPU
		{B8D8A025-2478-4DEB-BCF2-C59816C4D052}.Debug|Any CPU.Build.0 = Debug|Any CPU
		{B8D8A025-2478-4DEB-BCF2-C59816C4D052}.Debug|x64.ActiveCfg = Debug|Any CPU
		{B8D8A025-2478-4DEB-BCF2-C59816C4D052}.Debug|x64.Build.0 = Debug|Any CPU
		{B8D8A025-2478-4DEB-BCF2-C59816C4D052}.Debug|x86.ActiveCfg = Debug|Any CPU
		{B8D8A025-2478-4DEB-BCF2-C59816C4D052}.Debug|x86.Build.0 = Debug|Any CPU
		{B8D8A025-2478-4DEB-BCF2-C59816C4D052}.Release|Any CPU.ActiveCfg = Release|Any CPU
		{B8D8A025-2478-4DEB-BCF2-C59816C4D052}.Release|Any CPU.Build.0 = Release|Any CPU
		{B8D8A025-2478-4DEB-BCF2-C59816C4D052}.Release|x64.ActiveCfg = Release|Any CPU
		{B8D8A025-2478-4DEB-BCF2-C59816C4D052}.Release|x64.Build.0 = Release|Any CPU
		{B8D8A025-2478-4DEB-BCF2-C59816C4D052}.Release|x86.ActiveCfg = Release|Any CPU
		{B8D8A025-2478-4DEB-BCF2-C59816C4D052}.Release|x86.Build.0 = Release|Any CPU
	EndGlobalSection
	GlobalSection(SolutionProperties) = preSolution
		HideSolutionNode = FALSE
	EndGlobalSection
	GlobalSection(NestedProjects) = preSolution
		{9C1FC073-A5F7-422E-8C07-81BB5ADB2354} = {827E0CD3-B72D-47B6-A68D-7590B98EB39B}
		{4234DD46-BA68-4E41-A162-483C8FC50386} = {827E0CD3-B72D-47B6-A68D-7590B98EB39B}
		{B8D8A025-2478-4DEB-BCF2-C59816C4D052} = {827E0CD3-B72D-47B6-A68D-7590B98EB39B}
	EndGlobalSection
EndGlobal
